
Microsoft Visual Studio Solution File, Format Version 11.00
# Visual Studio 2010
Project("{FAE04EC0-301F-11D3-BF4B-00C04F79EFBC}") = "RSAPwd", "RSAPwd.csproj", "{D02A811D-F3AB-48BB-92D9-4D3CB2A1B36D}"
EndProject
Global
	GlobalSection(SolutionConfigurationPlatforms) = preSolution
		Debug|x86 = Debug|x86
		Release|x86 = Release|x86
	EndGlobalSection
	GlobalSection(ProjectConfigurationPlatforms) = postSolution
		{D02A811D-F3AB-48BB-92D9-4D3CB2A1B36D}.Debug|x86.ActiveCfg = Debug|x86
		{D02A811D-F3AB-48BB-92D9-4D3CB2A1B36D}.Debug|x86.Build.0 = Debug|x86
		{D02A811D-F3AB-48BB-92D9-4D3CB2A1B36D}.Release|x86.ActiveCfg = Release|x86
		{D02A811D-F3AB-48BB-92D9-4D3CB2A1B36D}.Release|x86.Build.0 = Release|x86
	EndGlobalSection
	GlobalSection(SolutionProperties) = preSolution
		HideSolutionNode = FALSE
	EndGlobalSection
EndGlobal
